
Microsoft Visual Studio Solution File, Format Version 12.00
# Visual Studio 2013
VisualStudioVersion = 12.0.21005.1
MinimumVisualStudioVersion = 10.0.40219.1
Project("{8BC9CEB8-8B4A-11D0-8D11-00A0C91BC942}") = "test -3-24", "test -3-24\test -3-24.vcxproj", "{FC2DC84D-6B7C-4124-8862-F88F5AE3CCAF}"
EndProject
Global
	GlobalSection(SolutionConfigurationPlatforms) = preSolution
		Debug|Win32 = Debug|Win32
		Release|Win32 = Release|Win32
	EndGlobalSection
	GlobalSection(ProjectConfigurationPlatforms) = postSolution
		{FC2DC84D-6B7C-4124-8862-F88F5AE3CCAF}.Debug|Win32.ActiveCfg = Debug|Win32
		{FC2DC84D-6B7C-4124-8862-F88F5AE3CCAF}.Debug|Win32.Build.0 = Debug|Win32
		{FC2DC84D-6B7C-4124-8862-F88F5AE3CCAF}.Release|Win32.ActiveCfg = Release|Win32
		{FC2DC84D-6B7C-4124-8862-F88F5AE3CCAF}.Release|Win32.Build.0 = Release|Win32
	EndGlobalSection
	GlobalSection(SolutionProperties) = preSolution
		HideSolutionNode = FALSE
	EndGlobalSection
EndGlobal
